hash: b26f0456497489fe6c503c15d8b8ff6057aa369ba0ebaaad267016567e87a206
updated: 2017-11-10T17:14:18.867331627+08:00
imports:
- name: github.com/miekg/dns
  version: 4bb60ce4d80aaa3937858b9aedfd6c4d3129e8fd
  subpackages:
  - internal/socket
- name: github.com/sirupsen/logrus
  version: d26492970760ca5d33129d2d799e34be5c4782eb
- name: github.com/wrouesnel/go.log
  version: a5061e9da6f108d4cb387d8d6a5204929371308e
- name: golang.org/x/sys
  version: 062cd7e4e68206d8bab9b18396626e855c992658
  subpackages:
  - unix
testImports: []
